
Microsoft Visual Studio Solution File, Format Version 12.00
# Visual Studio Version 17
VisualStudioVersion = 17.10.34531.194
MinimumVisualStudioVersion = 10.0.40219.1
Project("{FAE04EC0-301F-11D3-BF4B-00C04F79EFBC}") = "TodoList", "TodoList\TodoList.csproj", "{2D9F267F-D159-483A-8DD6-53E39E85DC74}"
EndProject
Global
	GlobalSection(SolutionConfigurationPlatforms) = preSolution
		Debug|Any CPU = Debug|Any CPU
		Release|Any CPU = Release|Any CPU
	EndGlobalSection
	GlobalSection(ProjectConfigurationPlatforms) = postSolution
		{2D9F267F-D159-483A-8DD6-53E39E85DC74}.Debug|Any CPU.ActiveCfg = Debug|Any CPU
		{2D9F267F-D159-483A-8DD6-53E39E85DC74}.Debug|Any CPU.Build.0 = Debug|Any CPU
		{2D9F267F-D159-483A-8DD6-53E39E85DC74}.Release|Any CPU.ActiveCfg = Release|Any CPU
		{2D9F267F-D159-483A-8DD6-53E39E85DC74}.Release|Any CPU.Build.0 = Release|Any CPU
	EndGlobalSection
	GlobalSection(SolutionProperties) = preSolution
		HideSolutionNode = FALSE
	EndGlobalSection
	GlobalSection(ExtensibilityGlobals) = postSolution
		SolutionGuid = {D16BFD0F-6D2F-4534-A528-25E19775C285}
	EndGlobalSection
EndGlobal
